
Microsoft Visual Studio Solution File, Format Version 12.00
# Visual Studio Version 17
VisualStudioVersion = 17.8.34330.188
MinimumVisualStudioVersion = 10.0.40219.1
Project("{9A19103F-16F7-4668-BE54-9A1E7A4F7556}") = "WebApiApp", "WebApiApp\WebApiApp.csproj", "{3F2C5244-17A7-4557-BF0A-54D8401CB430}"
EndProject
Project("{E53339B2-1760-4266-BCC7-CA923CBCF16C}") = "docker-compose", "docker-compose.dcproj", "{B1121F95-1AAB-42E2-92B0-8539E72E2746}"
EndProject
Global
	GlobalSection(SolutionConfigurationPlatforms) = preSolution
		Debug|Any CPU = Debug|Any CPU
		Release|Any CPU = Release|Any CPU
	EndGlobalSection
	GlobalSection(ProjectConfigurationPlatforms) = postSolution
		{3F2C5244-17A7-4557-BF0A-54D8401CB430}.Debug|Any CPU.ActiveCfg = Debug|Any CPU
		{3F2C5244-17A7-4557-BF0A-54D8401CB430}.Debug|Any CPU.Build.0 = Debug|Any CPU
		{3F2C5244-17A7-4557-BF0A-54D8401CB430}.Release|Any CPU.ActiveCfg = Release|Any CPU
		{3F2C5244-17A7-4557-BF0A-54D8401CB430}.Release|Any CPU.Build.0 = Release|Any CPU
		{B1121F95-1AAB-42E2-92B0-8539E72E2746}.Debug|Any CPU.ActiveCfg = Debug|Any CPU
		{B1121F95-1AAB-42E2-92B0-8539E72E2746}.Debug|Any CPU.Build.0 = Debug|Any CPU
		{B1121F95-1AAB-42E2-92B0-8539E72E2746}.Release|Any CPU.ActiveCfg = Release|Any CPU
		{B1121F95-1AAB-42E2-92B0-8539E72E2746}.Release|Any CPU.Build.0 = Release|Any CPU
	EndGlobalSection
	GlobalSection(SolutionProperties) = preSolution
		HideSolutionNode = FALSE
	EndGlobalSection
	GlobalSection(ExtensibilityGlobals) = postSolution
		SolutionGuid = {6E98993C-058F-4E48-9AC1-456B2A15675A}
	EndGlobalSection
EndGlobal
